// !$*UTF8*$!
{
	archiveVersion = 1;
	classes = {
	};
	objectVersion = 56;
	objects = {

/* Begin PBXBuildFile section */
		1D715BD42A43703800B79D5D /* CookcademyApp.swift in Sources */ = {isa = PBXBuildFile; fileRef = 1D715BD32A43703800B79D5D /* CookcademyApp.swift */; };
		1D715BD62A43703800B79D5D /* RecipesListView.swift in Sources */ = {isa = PBXBuildFile; fileRef = 1D715BD52A43703800B79D5D /* RecipesListView.swift */; };
		1D715BD82A43703800B79D5D /* Assets.xcassets in Resources */ = {isa = PBXBuildFile; fileRef = 1D715BD72A43703800B79D5D /* Assets.xcassets */; };
		1D715BDB2A43703800B79D5D /* Preview Assets.xcassets in Resources */ = {isa = PBXBuildFile; fileRef = 1D715BDA2A43703800B79D5D /* Preview Assets.xcassets */; };
		1D715BE52A43709D00B79D5D /* Recipe.swift in Sources */ = {isa = PBXBuildFile; fileRef = 1D715BE42A43709D00B79D5D /* Recipe.swift */; };
		1D715BE72A43E56400B79D5D /* RecipeExamples.swift in Sources */ = {isa = PBXBuildFile; fileRef = 1D715BE62A43E56400B79D5D /* RecipeExamples.swift */; };
		1D715BE92A43E80B00B79D5D /* RecipeData.swift in Sources */ = {isa = PBXBuildFile; fileRef = 1D715BE82A43E80B00B79D5D /* RecipeData.swift */; };
		1D715BEB2A43EB1B00B79D5D /* RecipeDetailView.swift in Sources */ = {isa = PBXBuildFile; fileRef = 1D715BEA2A43EB1B00B79D5D /* RecipeDetailView.swift */; };
		1D715BED2A43F00600B79D5D /* AppColor.swift in Sources */ = {isa = PBXBuildFile; fileRef = 1D715BEC2A43F00600B79D5D /* AppColor.swift */; };
		1D715BEF2A43F27100B79D5D /* RecipeCategoryGridView.swift in Sources */ = {isa = PBXBuildFile; fileRef = 1D715BEE2A43F27100B79D5D /* RecipeCategoryGridView.swift */; };
		1D715BF32A44E9FD00B79D5D /* ModifyRecipeView.swift in Sources */ = {isa = PBXBuildFile; fileRef = 1D715BF22A44E9FD00B79D5D /* ModifyRecipeView.swift */; };
/* End PBXBuildFile section */

/* Begin PBXFileReference section */
		1D715BD02A43703800B79D5D /* Cookcademy.app */ = {isa = PBXFileReference; explicitFileType = wrapper.application; includeInIndex = 0; path = Cookcademy.app; sourceTree = BUILT_PRODUCTS_DIR; };
		1D715BD32A43703800B79D5D /* CookcademyApp.swift */ = {isa = PBXFileReference; lastKnownFileType = sourcecode.swift; path = CookcademyApp.swift; sourceTree = "<group>"; };
		1D715BD52A43703800B79D5D /* RecipesListView.swift */ = {isa = PBXFileReference; lastKnownFileType = sourcecode.swift; path = RecipesListView.swift; sourceTree = "<group>"; };
		1D715BD72A43703800B79D5D /* Assets.xcassets */ = {isa = PBXFileReference; lastKnownFileType = folder.assetcatalog; path = Assets.xcassets; sourceTree = "<group>"; };
		1D715BDA2A43703800B79D5D /* Preview Assets.xcassets */ = {isa = PBXFileReference; lastKnownFileType = folder.assetcatalog; path = "Preview Assets.xcassets"; sourceTree = "<group>"; };
		1D715BE42A43709D00B79D5D /* Recipe.swift */ = {isa = PBXFileReference; lastKnownFileType = sourcecode.swift; path = Recipe.swift; sourceTree = "<group>"; };
		1D715BE62A43E56400B79D5D /* RecipeExamples.swift */ = {isa = PBXFileReference; lastKnownFileType = sourcecode.swift; path = RecipeExamples.swift; sourceTree = "<group>"; };
		1D715BE82A43E80B00B79D5D /* RecipeData.swift */ = {isa = PBXFileReference; lastKnownFileType = sourcecode.swift; path = RecipeData.swift; sourceTree = "<group>"; };
		1D715BEA2A43EB1B00B79D5D /* RecipeDetailView.swift */ = {isa = PBXFileReference; lastKnownFileType = sourcecode.swift; path = RecipeDetailView.swift; sourceTree = "<group>"; };
		1D715BEC2A43F00600B79D5D /* AppColor.swift */ = {isa = PBXFileReference; lastKnownFileType = sourcecode.swift; path = AppColor.swift; sourceTree = "<group>"; };
		1D715BEE2A43F27100B79D5D /* RecipeCategoryGridView.swift */ = {isa = PBXFileReference; lastKnownFileType = sourcecode.swift; path = RecipeCategoryGridView.swift; sourceTree = "<group>"; };
		1D715BF22A44E9FD00B79D5D /* ModifyRecipeView.swift */ = {isa = PBXFileReference; lastKnownFileType = sourcecode.swift; path = ModifyRecipeView.swift; sourceTree = "<group>"; };
/* End PBXFileReference section */

/* Begin PBXFrameworksBuildPhase section */
		1D715BCD2A43703800B79D5D /* Frameworks */ = {
			isa = PBXFrameworksBuildPhase;
			buildActionMask = 2147483647;
			files = (
			);
			runOnlyForDeploymentPostprocessing = 0;
		};
/* End PBXFrameworksBuildPhase section */

/* Begin PBXGroup section */
		1D715BC72A43703800B79D5D = {
			isa = PBXGroup;
			children = (
				1D715BD22A43703800B79D5D /* Cookcademy */,
				1D715BD12A43703800B79D5D /* Products */,
			);
			sourceTree = "<group>";
		};
		1D715BD12A43703800B79D5D /* Products */ = {
			isa = PBXGroup;
			children = (
				1D715BD02A43703800B79D5D /* Cookcademy.app */,
			);
			name = Products;
			sourceTree = "<group>";
		};
		1D715BD22A43703800B79D5D /* Cookcademy */ = {
			isa = PBXGroup;
			children = (
				1D715BE32A43708100B79D5D /* ViewModel */,
				1D715BE22A43707500B79D5D /* Views */,
				1D715BE12A43706900B79D5D /* Model */,
				1D715BD32A43703800B79D5D /* CookcademyApp.swift */,
				1D715BD72A43703800B79D5D /* Assets.xcassets */,
				1D715BD92A43703800B79D5D /* Preview Content */,
			);
			path = Cookcademy;
			sourceTree = "<group>";
		};
		1D715BD92A43703800B79D5D /* Preview Content */ = {
			isa = PBXGroup;
			children = (
				1D715BDA2A43703800B79D5D /* Preview Assets.xcassets */,
			);
			path = "Preview Content";
			sourceTree = "<group>";
		};
		1D715BE12A43706900B79D5D /* Model */ = {
			isa = PBXGroup;
			children = (
				1D715BE42A43709D00B79D5D /* Recipe.swift */,
				1D715BE62A43E56400B79D5D /* RecipeExamples.swift */,
			);
			path = Model;
			sourceTree = "<group>";
		};
		1D715BE22A43707500B79D5D /* Views */ = {
			isa = PBXGroup;
			children = (
				1D715BF12A44E97800B79D5D /* ModifyRecipes */,
				1D715BF02A44E95900B79D5D /* ExploreRecipes */,
			);
			path = Views;
			sourceTree = "<group>";
		};
		1D715BE32A43708100B79D5D /* ViewModel */ = {
			isa = PBXGroup;
			children = (
				1D715BE82A43E80B00B79D5D /* RecipeData.swift */,
				1D715BEC2A43F00600B79D5D /* AppColor.swift */,
			);
			path = ViewModel;
			sourceTree = "<group>";
		};
		1D715BF02A44E95900B79D5D /* ExploreRecipes */ = {
			isa = PBXGroup;
			children = (
				1D715BD52A43703800B79D5D /* RecipesListView.swift */,
				1D715BEA2A43EB1B00B79D5D /* RecipeDetailView.swift */,
				1D715BEE2A43F27100B79D5D /* RecipeCategoryGridView.swift */,
			);
			path = ExploreRecipes;
			sourceTree = "<group>";
		};
		1D715BF12A44E97800B79D5D /* ModifyRecipes */ = {
			isa = PBXGroup;
			children = (
				1D715BF22A44E9FD00B79D5D /* ModifyRecipeView.swift */,
			);
			path = ModifyRecipes;
			sourceTree = "<group>";
		};
/* End PBXGroup section */

/* Begin PBXNativeTarget section */
		1D715BCF2A43703800B79D5D /* Cookcademy */ = {
			isa = PBXNativeTarget;
			buildConfigurationList = 1D715BDE2A43703800B79D5D /* Build configuration list for PBXNativeTarget "Cookcademy" */;
			buildPhases = (
				1D715BCC2A43703800B79D5D /* Sources */,
				1D715BCD2A43703800B79D5D /* Frameworks */,
				1D715BCE2A43703800B79D5D /* Resources */,
			);
			buildRules = (
			);
			dependencies = (
			);
			name = Cookcademy;
			productName = Cookcademy;
			productReference = 1D715BD02A43703800B79D5D /* Cookcademy.app */;
			productType = "com.apple.product-type.application";
		};
/* End PBXNativeTarget section */

/* Begin PBXProject section */
		1D715BC82A43703800B79D5D /* Project object */ = {
			isa = PBXProject;
			attributes = {
				BuildIndependentTargetsInParallel = 1;
				LastSwiftUpdateCheck = 1430;
				LastUpgradeCheck = 1430;
				TargetAttributes = {
					1D715BCF2A43703800B79D5D = {
						CreatedOnToolsVersion = 14.3;
					};
				};
			};
			buildConfigurationList = 1D715BCB2A43703800B79D5D /* Build configuration list for PBXProject "Cookcademy" */;
			compatibilityVersion = "Xcode 14.0";
			developmentRegion = en;
			hasScannedForEncodings = 0;
			knownRegions = (
				en,
				Base,
			);
			mainGroup = 1D715BC72A43703800B79D5D;
			productRefGroup = 1D715BD12A43703800B79D5D /* Products */;
			projectDirPath = "";
			projectRoot = "";
			targets = (
				1D715BCF2A43703800B79D5D /* Cookcademy */,
			);
		};
/* End PBXProject section */

/* Begin PBXResourcesBuildPhase section */
		1D715BCE2A43703800B79D5D /* Resources */ = {
			isa = PBXResourcesBuildPhase;
			buildActionMask = 2147483647;
			files = (
				1D715BDB2A43703800B79D5D /* Preview Assets.xcassets in Resources */,
				1D715BD82A43703800B79D5D /* Assets.xcassets in Resources */,
			);
			runOnlyForDeploymentPostprocessing = 0;
		};
/* End PBXResourcesBuildPhase section */

/* Begin PBXSourcesBuildPhase section */
		1D715BCC2A43703800B79D5D /* Sources */ = {
			isa = PBXSourcesBuildPhase;
			buildActionMask = 2147483647;
			files = (
				1D715BE52A43709D00B79D5D /* Recipe.swift in Sources */,
				1D715BEB2A43EB1B00B79D5D /* RecipeDetailView.swift in Sources */,
				1D715BD62A43703800B79D5D /* RecipesListView.swift in Sources */,
				1D715BED2A43F00600B79D5D /* AppColor.swift in Sources */,
				1D715BF32A44E9FD00B79D5D /* ModifyRecipeView.swift in Sources */,
				1D715BE92A43E80B00B79D5D /* RecipeData.swift in Sources */,
				1D715BE72A43E56400B79D5D /* RecipeExamples.swift in Sources */,
				1D715BEF2A43F27100B79D5D /* RecipeCategoryGridView.swift in Sources */,
				1D715BD42A43703800B79D5D /* CookcademyApp.swift in Sources */,
			);
			runOnlyForDeploymentPostprocessing = 0;
		};
/* End PBXSourcesBuildPhase section */

/* Begin XCBuildConfiguration section */
		1D715BDC2A43703800B79D5D /* Debug */ = {
			isa = XCBuildConfiguration;
			buildSettings = {
				ALWAYS_SEARCH_USER_PATHS = NO;
				CLANG_ANALYZER_NONNULL = YES;
				CLANG_ANALYZER_NUMBER_OBJECT_CONVERSION = YES_AGGRESSIVE;
				CLANG_CXX_LANGUAGE_STANDARD = "gnu++20";
				CLANG_ENABLE_MODULES = YES;
				CLANG_ENABLE_OBJC_ARC = YES;
				CLANG_ENABLE_OBJC_WEAK = YES;
				CLANG_WARN_BLOCK_CAPTURE_AUTORELEASING = YES;
				CLANG_WARN_BOOL_CONVERSION = YES;
				CLANG_WARN_COMMA = YES;
				CLANG_WARN_CONSTANT_CONVERSION = YES;
				CLANG_WARN_DEPRECATED_OBJC_IMPLEMENTATIONS = YES;
				CLANG_WARN_DIRECT_OBJC_ISA_USAGE = YES_ERROR;
				CLANG_WARN_DOCUMENTATION_COMMENTS = YES;
				CLANG_WARN_EMPTY_BODY = YES;
				CLANG_WARN_ENUM_CONVERSION = YES;
				CLANG_WARN_INFINITE_RECURSION = YES;
				CLANG_WARN_INT_CONVERSION = YES;
				CLANG_WARN_NON_LITERAL_NULL_CONVERSION = YES;
				CLANG_WARN_OBJC_IMPLICIT_RETAIN_SELF = YES;
				CLANG_WARN_OBJC_LITERAL_CONVERSION = YES;
				CLANG_WARN_OBJC_ROOT_CLASS = YES_ERROR;
				CLANG_WARN_QUOTED_INCLUDE_IN_FRAMEWORK_HEADER = YES;
				CLANG_WARN_RANGE_LOOP_ANALYSIS = YES;
				CLANG_WARN_STRICT_PROTOTYPES = YES;
				CLANG_WARN_SUSPICIOUS_MOVE = YES;
				CLANG_WARN_UNGUARDED_AVAILABILITY = YES_AGGRESSIVE;
				CLANG_WARN_UNREACHABLE_CODE = YES;
				CLANG_WARN__DUPLICATE_METHOD_MATCH = YES;
				COPY_PHASE_STRIP = NO;
				DEBUG_INFORMATION_FORMAT = dwarf;
				ENABLE_STRICT_OBJC_MSGSEND = YES;
				ENABLE_TESTABILITY = YES;
				GCC_C_LANGUAGE_STANDARD = gnu11;
				GCC_DYNAMIC_NO_PIC = NO;
				GCC_NO_COMMON_BLOCKS = YES;
				GCC_OPTIMIZATION_LEVEL = 0;
				GCC_PREPROCESSOR_DEFINITIONS = (
					"DEBUG=1",
					"$(inherited)",
				);
				GCC_WARN_64_TO_32_BIT_CONVERSION = YES;
				GCC_WARN_ABOUT_RETURN_TYPE = YES_ERROR;
				GCC_WARN_UNDECLARED_SELECTOR = YES;
				GCC_WARN_UNINITIALIZED_AUTOS = YES_AGGRESSIVE;
				GCC_WARN_UNUSED_FUNCTION = YES;
				GCC_WARN_UNUSED_VARIABLE = YES;
				IPHONEOS_DEPLOYMENT_TARGET = 16.4;
				MTL_ENABLE_DEBUG_INFO = INCLUDE_SOURCE;
				MTL_FAST_MATH = YES;
				ONLY_ACTIVE_ARCH = YES;
				SDKROOT = iphoneos;
				SWIFT_ACTIVE_COMPILATION_CONDITIONS = DEBUG;
				SWIFT_OPTIMIZATION_LEVEL = "-Onone";
			};
			name = Debug;
		};
		1D715BDD2A43703800B79D5D /* Release */ = {
			isa = XCBuildConfiguration;
			buildSettings = {
				ALWAYS_SEARCH_USER_PATHS = NO;
				CLANG_ANALYZER_NONNULL = YES;
				CLANG_ANALYZER_NUMBER_OBJECT_CONVERSION = YES_AGGRESSIVE;
				CLANG_CXX_LANGUAGE_STANDARD = "gnu++20";
				CLANG_ENABLE_MODULES = YES;
				CLANG_ENABLE_OBJC_ARC = YES;
				CLANG_ENABLE_OBJC_WEAK = YES;
				CLANG_WARN_BLOCK_CAPTURE_AUTORELEASING = YES;
				CLANG_WARN_BOOL_CONVERSION = YES;
				CLANG_WARN_COMMA = YES;
				CLANG_WARN_CONSTANT_CONVERSION = YES;
				CLANG_WARN_DEPRECATED_OBJC_IMPLEMENTATIONS = YES;
				CLANG_WARN_DIRECT_OBJC_ISA_USAGE = YES_ERROR;
				CLANG_WARN_DOCUMENTATION_COMMENTS = YES;
				CLANG_WARN_EMPTY_BODY = YES;
				CLANG_WARN_ENUM_CONVERSION = YES;
				CLANG_WARN_INFINITE_RECURSION = YES;
				CLANG_WARN_INT_CONVERSION = YES;
				CLANG_WARN_NON_LITERAL_NULL_CONVERSION = YES;
				CLANG_WARN_OBJC_IMPLICIT_RETAIN_SELF = YES;
				CLANG_WARN_OBJC_LITERAL_CONVERSION = YES;
				CLANG_WARN_OBJC_ROOT_CLASS = YES_ERROR;
				CLANG_WARN_QUOTED_INCLUDE_IN_FRAMEWORK_HEADER = YES;
				CLANG_WARN_RANGE_LOOP_ANALYSIS = YES;
				CLANG_WARN_STRICT_PROTOTYPES = YES;
				CLANG_WARN_SUSPICIOUS_MOVE = YES;
				CLANG_WARN_UNGUARDED_AVAILABILITY = YES_AGGRESSIVE;
				CLANG_WARN_UNREACHABLE_CODE = YES;
				CLANG_WARN__DUPLICATE_METHOD_MATCH = YES;
				COPY_PHASE_STRIP = NO;
				DEBUG_INFORMATION_FORMAT = "dwarf-with-dsym";
				ENABLE_NS_ASSERTIONS = NO;
				ENABLE_STRICT_OBJC_MSGSEND = YES;
				GCC_C_LANGUAGE_STANDARD = gnu11;
				GCC_NO_COMMON_BLOCKS = YES;
				GCC_WARN_64_TO_32_BIT_CONVERSION = YES;
				GCC_WARN_ABOUT_RETURN_TYPE = YES_ERROR;
				GCC_WARN_UNDECLARED_SELECTOR = YES;
				GCC_WARN_UNINITIALIZED_AUTOS = YES_AGGRESSIVE;
				GCC_WARN_UNUSED_FUNCTION = YES;
				GCC_WARN_UNUSED_VARIABLE = YES;
				IPHONEOS_DEPLOYMENT_TARGET = 16.4;
				MTL_ENABLE_DEBUG_INFO = NO;
				MTL_FAST_MATH = YES;
				SDKROOT = iphoneos;
				SWIFT_COMPILATION_MODE = wholemodule;
				SWIFT_OPTIMIZATION_LEVEL = "-O";
				VALIDATE_PRODUCT = YES;
			};
			name = Release;
		};
		1D715BDF2A43703800B79D5D /* Debug */ = {
			isa = XCBuildConfiguration;
			buildSettings = {
				ASSETCATALOG_COMPILER_APPICON_NAME = AppIcon;
				ASSETCATALOG_COMPILER_GLOBAL_ACCENT_COLOR_NAME = AccentColor;
				CODE_SIGN_STYLE = Automatic;
				CURRENT_PROJECT_VERSION = 1;
				DEVELOPMENT_ASSET_PATHS = "\"Cookcademy/Preview Content\"";
				DEVELOPMENT_TEAM = JCQD5BHT7L;
				ENABLE_PREVIEWS = YES;
				GENERATE_INFOPLIST_FILE = YES;
				INFOPLIST_KEY_UIApplicationSceneManifest_Generation = YES;
				INFOPLIST_KEY_UIApplicationSupportsIndirectInputEvents = YES;
				INFOPLIST_KEY_UILaunchScreen_Generation = YES;
				INFOPLIST_KEY_UISupportedInterfaceOrientations_iPad = "UIInterfaceOrientationPortrait UIInterfaceOrientationPortraitUpsideDown UIInterfaceOrientationLandscapeLeft UIInterfaceOrientationLandscapeRight";
				INFOPLIST_KEY_UISupportedInterfaceOrientations_iPhone = "UIInterfaceOrientationPortrait UIInterfaceOrientationLandscapeLeft UIInterfaceOrientationLandscapeRight";
				IPHONEOS_DEPLOYMENT_TARGET = 16.0;
				LD_RUNPATH_SEARCH_PATHS = (
					"$(inherited)",
					"@executable_path/Frameworks",
				);
				MARKETING_VERSION = 1.0;
				PRODUCT_BUNDLE_IDENTIFIER = com.onedare.Cookcademy;
				PRODUCT_NAME = "$(TARGET_NAME)";
				SUPPORTED_PLATFORMS = "iphoneos iphonesimulator";
				SUPPORTS_MACCATALYST = NO;
				SUPPORTS_MAC_DESIGNED_FOR_IPHONE_IPAD = NO;
				SWIFT_EMIT_LOC_STRINGS = YES;
				SWIFT_VERSION = 5.0;
				TARGETED_DEVICE_FAMILY = 1;
			};
			name = Debug;
		};
		1D715BE02A43703800B79D5D /* Release */ = {
			isa = XCBuildConfiguration;
			buildSettings = {
				ASSETCATALOG_COMPILER_APPICON_NAME = AppIcon;
				ASSETCATALOG_COMPILER_GLOBAL_ACCENT_COLOR_NAME = AccentColor;
				CODE_SIGN_STYLE = Automatic;
				CURRENT_PROJECT_VERSION = 1;
				DEVELOPMENT_ASSET_PATHS = "\"Cookcademy/Preview Content\"";
				DEVELOPMENT_TEAM = JCQD5BHT7L;
				ENABLE_PREVIEWS = YES;
				GENERATE_INFOPLIST_FILE = YES;
				INFOPLIST_KEY_UIApplicationSceneManifest_Generation = YES;
				INFOPLIST_KEY_UIApplicationSupportsIndirectInputEvents = YES;
				INFOPLIST_KEY_UILaunchScreen_Generation = YES;
				INFOPLIST_KEY_UISupportedInterfaceOrientations_iPad = "UIInterfaceOrientationPortrait UIInterfaceOrientationPortraitUpsideDown UIInterfaceOrientationLandscapeLeft UIInterfaceOrientationLandscapeRight";
				INFOPLIST_KEY_UISupportedInterfaceOrientations_iPhone = "UIInterfaceOrientationPortrait UIInterfaceOrientationLandscapeLeft UIInterfaceOrientationLandscapeRight";
				IPHONEOS_DEPLOYMENT_TARGET = 16.0;
				LD_RUNPATH_SEARCH_PATHS = (
					"$(inherited)",
					"@executable_path/Frameworks",
				);
				MARKETING_VERSION = 1.0;
				PRODUCT_BUNDLE_IDENTIFIER = com.onedare.Cookcademy;
				PRODUCT_NAME = "$(TARGET_NAME)";
				SUPPORTED_PLATFORMS = "iphoneos iphonesimulator";
				SUPPORTS_MACCATALYST = NO;
				SUPPORTS_MAC_DESIGNED_FOR_IPHONE_IPAD = NO;
				SWIFT_EMIT_LOC_STRINGS = YES;
				SWIFT_VERSION = 5.0;
				TARGETED_DEVICE_FAMILY = 1;
			};
			name = Release;
		};
/* End XCBuildConfiguration section */

/* Begin XCConfigurationList section */
		1D715BCB2A43703800B79D5D /* Build configuration list for PBXProject "Cookcademy" */ = {
			isa = XCConfigurationList;
			buildConfigurations = (
				1D715BDC2A43703800B79D5D /* Debug */,
				1D715BDD2A43703800B79D5D /* Release */,
			);
			defaultConfigurationIsVisible = 0;
			defaultConfigurationName = Release;
		};
		1D715BDE2A43703800B79D5D /* Build configuration list for PBXNativeTarget "Cookcademy" */ = {
			isa = XCConfigurationList;
			buildConfigurations = (
				1D715BDF2A43703800B79D5D /* Debug */,
				1D715BE02A43703800B79D5D /* Release */,
			);
			defaultConfigurationIsVisible = 0;
			defaultConfigurationName = Release;
		};
/* End XCConfigurationList section */
	};
	rootObject = 1D715BC82A43703800B79D5D /* Project object */;
}
